
Microsoft Visual Studio Solution File, Format Version 12.00
# Visual Studio Version 16
VisualStudioVersion = 16.0.30413.136
MinimumVisualStudioVersion = 10.0.40219.1
Project("{9A19103F-16F7-4668-BE54-9A1E7A4F7556}") = "Core", "src\Core\Core.csproj", "{5BD3D421-278F-4432-A256-6689EF1D61BE}"
EndProject
Project("{9A19103F-16F7-4668-BE54-9A1E7A4F7556}") = "Implement.NetMQ", "src\Implement.NetMQ\Implement.NetMQ.csproj", "{30BC94D9-CD84-4086-A685-FC2150321774}"
EndProject
Global
	GlobalSection(SolutionConfigurationPlatforms) = preSolution
		Debug|Any CPU = Debug|Any CPU
		Release|Any CPU = Release|Any CPU
	EndGlobalSection
	GlobalSection(ProjectConfigurationPlatforms) = postSolution
		{5BD3D421-278F-4432-A256-6689EF1D61BE}.Debug|Any CPU.ActiveCfg = Debug|Any CPU
		{5BD3D421-278F-4432-A256-6689EF1D61BE}.Debug|Any CPU.Build.0 = Debug|Any CPU
		{5BD3D421-278F-4432-A256-6689EF1D61BE}.Release|Any CPU.ActiveCfg = Release|Any CPU
		{5BD3D421-278F-4432-A256-6689EF1D61BE}.Release|Any CPU.Build.0 = Release|Any CPU
		{30BC94D9-CD84-4086-A685-FC2150321774}.Debug|Any CPU.ActiveCfg = Debug|Any CPU
		{30BC94D9-CD84-4086-A685-FC2150321774}.Debug|Any CPU.Build.0 = Debug|Any CPU
		{30BC94D9-CD84-4086-A685-FC2150321774}.Release|Any CPU.ActiveCfg = Release|Any CPU
		{30BC94D9-CD84-4086-A685-FC2150321774}.Release|Any CPU.Build.0 = Release|Any CPU
	EndGlobalSection
	GlobalSection(SolutionProperties) = preSolution
		HideSolutionNode = FALSE
	EndGlobalSection
	GlobalSection(ExtensibilityGlobals) = postSolution
		SolutionGuid = {32B03236-DABD-45EA-84ED-C27B760D41A3}
	EndGlobalSection
EndGlobal
