
Microsoft Visual Studio Solution File, Format Version 12.00
# Visual Studio Version 16
VisualStudioVersion = 16.0.30413.136
MinimumVisualStudioVersion = 10.0.40219.1
Project("{9A19103F-16F7-4668-BE54-9A1E7A4F7556}") = "Core", "src\Core\Core.csproj", "{5BD3D421-278F-4432-A256-6689EF1D61BE}"
EndProject
Project("{9A19103F-16F7-4668-BE54-9A1E7A4F7556}") = "Implement.NetMQ", "src\Implement.NetMQ\Implement.NetMQ.csproj", "{30BC94D9-CD84-4086-A685-FC2150321774}"
EndProject
Project("{9A19103F-16F7-4668-BE54-9A1E7A4F7556}") = "Clients", "src\Clients\Clients.csproj", "{B5265E3F-BFE9-45C2-AC24-86C86BBE19F6}"
EndProject
Project("{2150E333-8FDC-42A3-9474-1A3956D46DE8}") = "examples", "examples", "{F81F1D1B-5363-4616-831C-746E1BF19A15}"
EndProject
Project("{2150E333-8FDC-42A3-9474-1A3956D46DE8}") = "src", "src", "{EB3AA5E6-F80C-4110-9679-1A3B707C3632}"
EndProject
Project("{2150E333-8FDC-42A3-9474-1A3956D46DE8}") = "icon", "icon", "{EC2381FC-A973-4003-9002-C200FCD2F586}"
	ProjectSection(SolutionItems) = preProject
		icon\JYTek.ico = icon\JYTek.ico
	EndProjectSection
EndProject
Project("{2150E333-8FDC-42A3-9474-1A3956D46DE8}") = "documents", "documents", "{CA67D9AA-8628-45CA-893B-6D34AD10FE39}"
	ProjectSection(SolutionItems) = preProject
		documents\README.md = documents\README.md
	EndProjectSection
EndProject
Project("{9A19103F-16F7-4668-BE54-9A1E7A4F7556}") = "net50_DEMO", "examples\net50_DEMO\net50_DEMO.csproj", "{7DD0ABDC-E9F9-4ACD-A173-75CB0D6F910E}"
EndProject
Project("{FAE04EC0-301F-11D3-BF4B-00C04F79EFBC}") = "net472_DEMO", "examples\net472_DEMO\net472_DEMO.csproj", "{ED385EE2-F23D-4C20-9373-94DB5FDFFCA6}"
EndProject
Project("{2150E333-8FDC-42A3-9474-1A3956D46DE8}") = "LV_DEMO", "LV_DEMO", "{1A727768-7C56-43D9-84A5-226F7AF3C742}"
	ProjectSection(SolutionItems) = preProject
		examples\Lv_DEMO\Lv_DEMO.vi = examples\Lv_DEMO\Lv_DEMO.vi
	EndProjectSection
EndProject
Project("{2150E333-8FDC-42A3-9474-1A3956D46DE8}") = "unit test", "unit test", "{798B5413-F144-4AC8-830B-3543F48A5D2C}"
EndProject
Project("{888888A0-9F3D-457C-B088-3A5042F75D52}") = "Py_DEMO", "examples\Py_DEMO\Py_DEMO.pyproj", "{7BF08701-C0DF-4AD6-BE15-3E5E9B4678FD}"
EndProject
Project("{FAE04EC0-301F-11D3-BF4B-00C04F79EFBC}") = "net472_UnitTest", "unit test\net472_UnitTest\net472_UnitTest.csproj", "{212E65E8-A3A1-4D60-8730-6F25F77E0CBB}"
EndProject
Project("{FAE04EC0-301F-11D3-BF4B-00C04F79EFBC}") = "TestService", "examples\Lv_DEMO\TestService\TestService.csproj", "{2A67A09A-C93C-48F4-83AA-E1FA5037DE09}"
EndProject
Global
	GlobalSection(SolutionConfigurationPlatforms) = preSolution
		Debug|Any CPU = Debug|Any CPU
		Release|Any CPU = Release|Any CPU
	EndGlobalSection
	GlobalSection(ProjectConfigurationPlatforms) = postSolution
		{5BD3D421-278F-4432-A256-6689EF1D61BE}.Debug|Any CPU.ActiveCfg = Debug|Any CPU
		{5BD3D421-278F-4432-A256-6689EF1D61BE}.Debug|Any CPU.Build.0 = Debug|Any CPU
		{5BD3D421-278F-4432-A256-6689EF1D61BE}.Release|Any CPU.ActiveCfg = Release|Any CPU
		{5BD3D421-278F-4432-A256-6689EF1D61BE}.Release|Any CPU.Build.0 = Release|Any CPU
		{30BC94D9-CD84-4086-A685-FC2150321774}.Debug|Any CPU.ActiveCfg = Debug|Any CPU
		{30BC94D9-CD84-4086-A685-FC2150321774}.Debug|Any CPU.Build.0 = Debug|Any CPU
		{30BC94D9-CD84-4086-A685-FC2150321774}.Release|Any CPU.ActiveCfg = Release|Any CPU
		{30BC94D9-CD84-4086-A685-FC2150321774}.Release|Any CPU.Build.0 = Release|Any CPU
		{B5265E3F-BFE9-45C2-AC24-86C86BBE19F6}.Debug|Any CPU.ActiveCfg = Debug|Any CPU
		{B5265E3F-BFE9-45C2-AC24-86C86BBE19F6}.Debug|Any CPU.Build.0 = Debug|Any CPU
		{B5265E3F-BFE9-45C2-AC24-86C86BBE19F6}.Release|Any CPU.ActiveCfg = Release|Any CPU
		{B5265E3F-BFE9-45C2-AC24-86C86BBE19F6}.Release|Any CPU.Build.0 = Release|Any CPU
		{7DD0ABDC-E9F9-4ACD-A173-75CB0D6F910E}.Debug|Any CPU.ActiveCfg = Debug|Any CPU
		{7DD0ABDC-E9F9-4ACD-A173-75CB0D6F910E}.Debug|Any CPU.Build.0 = Debug|Any CPU
		{7DD0ABDC-E9F9-4ACD-A173-75CB0D6F910E}.Release|Any CPU.ActiveCfg = Release|Any CPU
		{7DD0ABDC-E9F9-4ACD-A173-75CB0D6F910E}.Release|Any CPU.Build.0 = Release|Any CPU
		{ED385EE2-F23D-4C20-9373-94DB5FDFFCA6}.Debug|Any CPU.ActiveCfg = Debug|Any CPU
		{ED385EE2-F23D-4C20-9373-94DB5FDFFCA6}.Debug|Any CPU.Build.0 = Debug|Any CPU
		{ED385EE2-F23D-4C20-9373-94DB5FDFFCA6}.Release|Any CPU.ActiveCfg = Release|Any CPU
		{ED385EE2-F23D-4C20-9373-94DB5FDFFCA6}.Release|Any CPU.Build.0 = Release|Any CPU
		{7BF08701-C0DF-4AD6-BE15-3E5E9B4678FD}.Debug|Any CPU.ActiveCfg = Debug|Any CPU
		{7BF08701-C0DF-4AD6-BE15-3E5E9B4678FD}.Release|Any CPU.ActiveCfg = Release|Any CPU
		{212E65E8-A3A1-4D60-8730-6F25F77E0CBB}.Debug|Any CPU.ActiveCfg = Debug|Any CPU
		{212E65E8-A3A1-4D60-8730-6F25F77E0CBB}.Debug|Any CPU.Build.0 = Debug|Any CPU
		{212E65E8-A3A1-4D60-8730-6F25F77E0CBB}.Release|Any CPU.ActiveCfg = Release|Any CPU
		{212E65E8-A3A1-4D60-8730-6F25F77E0CBB}.Release|Any CPU.Build.0 = Release|Any CPU
		{2A67A09A-C93C-48F4-83AA-E1FA5037DE09}.Debug|Any CPU.ActiveCfg = Debug|Any CPU
		{2A67A09A-C93C-48F4-83AA-E1FA5037DE09}.Debug|Any CPU.Build.0 = Debug|Any CPU
		{2A67A09A-C93C-48F4-83AA-E1FA5037DE09}.Release|Any CPU.ActiveCfg = Release|Any CPU
		{2A67A09A-C93C-48F4-83AA-E1FA5037DE09}.Release|Any CPU.Build.0 = Release|Any CPU
	EndGlobalSection
	GlobalSection(SolutionProperties) = preSolution
		HideSolutionNode = FALSE
	EndGlobalSection
	GlobalSection(NestedProjects) = preSolution
		{5BD3D421-278F-4432-A256-6689EF1D61BE} = {EB3AA5E6-F80C-4110-9679-1A3B707C3632}
		{30BC94D9-CD84-4086-A685-FC2150321774} = {EB3AA5E6-F80C-4110-9679-1A3B707C3632}
		{B5265E3F-BFE9-45C2-AC24-86C86BBE19F6} = {EB3AA5E6-F80C-4110-9679-1A3B707C3632}
		{7DD0ABDC-E9F9-4ACD-A173-75CB0D6F910E} = {F81F1D1B-5363-4616-831C-746E1BF19A15}
		{ED385EE2-F23D-4C20-9373-94DB5FDFFCA6} = {F81F1D1B-5363-4616-831C-746E1BF19A15}
		{1A727768-7C56-43D9-84A5-226F7AF3C742} = {F81F1D1B-5363-4616-831C-746E1BF19A15}
		{7BF08701-C0DF-4AD6-BE15-3E5E9B4678FD} = {F81F1D1B-5363-4616-831C-746E1BF19A15}
		{212E65E8-A3A1-4D60-8730-6F25F77E0CBB} = {798B5413-F144-4AC8-830B-3543F48A5D2C}
		{2A67A09A-C93C-48F4-83AA-E1FA5037DE09} = {1A727768-7C56-43D9-84A5-226F7AF3C742}
	EndGlobalSection
	GlobalSection(ExtensibilityGlobals) = postSolution
		BuildVersion_StartDate = 2000/1/1
		SolutionGuid = {32B03236-DABD-45EA-84ED-C27B760D41A3}
	EndGlobalSection
EndGlobal
