
Microsoft Visual Studio Solution File, Format Version 12.00
# Visual Studio Version 17
VisualStudioVersion = 17.0.31903.59
MinimumVisualStudioVersion = 10.0.40219.1
Project("{9A19103F-16F7-4668-BE54-9A1E7A4F7556}") = "Core", "src\Core\Core.csproj", "{5BD3D421-278F-4432-A256-6689EF1D61BE}"
EndProject
Project("{9A19103F-16F7-4668-BE54-9A1E7A4F7556}") = "Implement.NetMQ", "src\Implement.NetMQ\Implement.NetMQ.csproj", "{30BC94D9-CD84-4086-A685-FC2150321774}"
EndProject
Project("{9A19103F-16F7-4668-BE54-9A1E7A4F7556}") = "Clients", "src\Clients\Clients.csproj", "{B5265E3F-BFE9-45C2-AC24-86C86BBE19F6}"
EndProject
Project("{2150E333-8FDC-42A3-9474-1A3956D46DE8}") = "examples", "examples", "{F81F1D1B-5363-4616-831C-746E1BF19A15}"
EndProject
Project("{2150E333-8FDC-42A3-9474-1A3956D46DE8}") = "src", "src", "{EB3AA5E6-F80C-4110-9679-1A3B707C3632}"
EndProject
Project("{2150E333-8FDC-42A3-9474-1A3956D46DE8}") = "icon", "icon", "{EC2381FC-A973-4003-9002-C200FCD2F586}"
	ProjectSection(SolutionItems) = preProject
		icon\JYTek.ico = icon\JYTek.ico
	EndProjectSection
EndProject
Project("{2150E333-8FDC-42A3-9474-1A3956D46DE8}") = "documents", "documents", "{CA67D9AA-8628-45CA-893B-6D34AD10FE39}"
	ProjectSection(SolutionItems) = preProject
		documents\README.md = documents\README.md
	EndProjectSection
EndProject
Project("{FAE04EC0-301F-11D3-BF4B-00C04F79EFBC}") = "net472_DEMO", "examples\net472_DEMO\net472_DEMO.csproj", "{ED385EE2-F23D-4C20-9373-94DB5FDFFCA6}"
EndProject
Project("{2150E333-8FDC-42A3-9474-1A3956D46DE8}") = "LV_DEMO", "LV_DEMO", "{1A727768-7C56-43D9-84A5-226F7AF3C742}"
	ProjectSection(SolutionItems) = preProject
		examples\Lv_DEMO\Lv_DEMO.vi = examples\Lv_DEMO\Lv_DEMO.vi
	EndProjectSection
EndProject
Project("{888888A0-9F3D-457C-B088-3A5042F75D52}") = "Py_DEMO", "examples\Py_DEMO\Py_DEMO.pyproj", "{7BF08701-C0DF-4AD6-BE15-3E5E9B4678FD}"
EndProject
Project("{FAE04EC0-301F-11D3-BF4B-00C04F79EFBC}") = "TestService", "examples\Lv_DEMO\TestService\TestService.csproj", "{2A67A09A-C93C-48F4-83AA-E1FA5037DE09}"
EndProject
Project("{FAE04EC0-301F-11D3-BF4B-00C04F79EFBC}") = "Server", "examples\Server\Server\Server.csproj", "{23F7BD9C-25FE-4D3D-9411-687DCAEFF7C7}"
EndProject
Project("{FAE04EC0-301F-11D3-BF4B-00C04F79EFBC}") = "ConnectionTest", "ConnectionTest\ConnectionTest.csproj", "{70BD74C4-ADB3-4AA0-B108-20445AB98614}"
EndProject
Project("{9A19103F-16F7-4668-BE54-9A1E7A4F7556}") = "ConsoleApp1", "ConsoleApp1\ConsoleApp1.csproj", "{6B79F9F0-5B0C-448D-A5A2-FB565B74D58D}"
EndProject
Project("{9A19103F-16F7-4668-BE54-9A1E7A4F7556}") = "Hosting", "src\Hosting\Hosting.csproj", "{A8F2E697-B807-4096-AEF3-342E06EB4887}"
EndProject
Project("{FAE04EC0-301F-11D3-BF4B-00C04F79EFBC}") = "NetMQTEst", "NetMQTEst\NetMQTEst.csproj", "{FEED5A1A-1453-4C5F-8193-7F3DC7433AEB}"
EndProject
Project("{FAE04EC0-301F-11D3-BF4B-00C04F79EFBC}") = "NetMQTest_Net6", "NetMQTest_Net6\NetMQTest_Net6.csproj", "{F21F7621-AEC1-4D6D-BDC8-3EDB7823BFEE}"
EndProject
Project("{9A19103F-16F7-4668-BE54-9A1E7A4F7556}") = "net60_DEMO", "examples\net60_DEMO\net60_DEMO.csproj", "{E17F3959-7F3E-4176-B579-AC7440AAC24E}"
EndProject
Global
	GlobalSection(SolutionConfigurationPlatforms) = preSolution
		Debug|Any CPU = Debug|Any CPU
		Release|Any CPU = Release|Any CPU
	EndGlobalSection
	GlobalSection(ProjectConfigurationPlatforms) = postSolution
		{5BD3D421-278F-4432-A256-6689EF1D61BE}.Debug|Any CPU.ActiveCfg = Debug|Any CPU
		{5BD3D421-278F-4432-A256-6689EF1D61BE}.Debug|Any CPU.Build.0 = Debug|Any CPU
		{5BD3D421-278F-4432-A256-6689EF1D61BE}.Release|Any CPU.ActiveCfg = Release|Any CPU
		{5BD3D421-278F-4432-A256-6689EF1D61BE}.Release|Any CPU.Build.0 = Release|Any CPU
		{30BC94D9-CD84-4086-A685-FC2150321774}.Debug|Any CPU.ActiveCfg = Debug|Any CPU
		{30BC94D9-CD84-4086-A685-FC2150321774}.Debug|Any CPU.Build.0 = Debug|Any CPU
		{30BC94D9-CD84-4086-A685-FC2150321774}.Release|Any CPU.ActiveCfg = Release|Any CPU
		{30BC94D9-CD84-4086-A685-FC2150321774}.Release|Any CPU.Build.0 = Release|Any CPU
		{B5265E3F-BFE9-45C2-AC24-86C86BBE19F6}.Debug|Any CPU.ActiveCfg = Debug|Any CPU
		{B5265E3F-BFE9-45C2-AC24-86C86BBE19F6}.Debug|Any CPU.Build.0 = Debug|Any CPU
		{B5265E3F-BFE9-45C2-AC24-86C86BBE19F6}.Release|Any CPU.ActiveCfg = Release|Any CPU
		{B5265E3F-BFE9-45C2-AC24-86C86BBE19F6}.Release|Any CPU.Build.0 = Release|Any CPU
		{ED385EE2-F23D-4C20-9373-94DB5FDFFCA6}.Debug|Any CPU.ActiveCfg = Debug|Any CPU
		{ED385EE2-F23D-4C20-9373-94DB5FDFFCA6}.Debug|Any CPU.Build.0 = Debug|Any CPU
		{ED385EE2-F23D-4C20-9373-94DB5FDFFCA6}.Release|Any CPU.ActiveCfg = Release|Any CPU
		{ED385EE2-F23D-4C20-9373-94DB5FDFFCA6}.Release|Any CPU.Build.0 = Release|Any CPU
		{7BF08701-C0DF-4AD6-BE15-3E5E9B4678FD}.Debug|Any CPU.ActiveCfg = Debug|Any CPU
		{7BF08701-C0DF-4AD6-BE15-3E5E9B4678FD}.Release|Any CPU.ActiveCfg = Release|Any CPU
		{2A67A09A-C93C-48F4-83AA-E1FA5037DE09}.Debug|Any CPU.ActiveCfg = Debug|Any CPU
		{2A67A09A-C93C-48F4-83AA-E1FA5037DE09}.Debug|Any CPU.Build.0 = Debug|Any CPU
		{2A67A09A-C93C-48F4-83AA-E1FA5037DE09}.Release|Any CPU.ActiveCfg = Release|Any CPU
		{2A67A09A-C93C-48F4-83AA-E1FA5037DE09}.Release|Any CPU.Build.0 = Release|Any CPU
		{23F7BD9C-25FE-4D3D-9411-687DCAEFF7C7}.Debug|Any CPU.ActiveCfg = Debug|Any CPU
		{23F7BD9C-25FE-4D3D-9411-687DCAEFF7C7}.Debug|Any CPU.Build.0 = Debug|Any CPU
		{23F7BD9C-25FE-4D3D-9411-687DCAEFF7C7}.Release|Any CPU.ActiveCfg = Release|Any CPU
		{23F7BD9C-25FE-4D3D-9411-687DCAEFF7C7}.Release|Any CPU.Build.0 = Release|Any CPU
		{70BD74C4-ADB3-4AA0-B108-20445AB98614}.Debug|Any CPU.ActiveCfg = Debug|Any CPU
		{70BD74C4-ADB3-4AA0-B108-20445AB98614}.Debug|Any CPU.Build.0 = Debug|Any CPU
		{70BD74C4-ADB3-4AA0-B108-20445AB98614}.Release|Any CPU.ActiveCfg = Release|Any CPU
		{70BD74C4-ADB3-4AA0-B108-20445AB98614}.Release|Any CPU.Build.0 = Release|Any CPU
		{6B79F9F0-5B0C-448D-A5A2-FB565B74D58D}.Debug|Any CPU.ActiveCfg = Debug|Any CPU
		{6B79F9F0-5B0C-448D-A5A2-FB565B74D58D}.Debug|Any CPU.Build.0 = Debug|Any CPU
		{6B79F9F0-5B0C-448D-A5A2-FB565B74D58D}.Release|Any CPU.ActiveCfg = Release|Any CPU
		{6B79F9F0-5B0C-448D-A5A2-FB565B74D58D}.Release|Any CPU.Build.0 = Release|Any CPU
		{A8F2E697-B807-4096-AEF3-342E06EB4887}.Debug|Any CPU.ActiveCfg = Debug|Any CPU
		{A8F2E697-B807-4096-AEF3-342E06EB4887}.Debug|Any CPU.Build.0 = Debug|Any CPU
		{A8F2E697-B807-4096-AEF3-342E06EB4887}.Release|Any CPU.ActiveCfg = Release|Any CPU
		{A8F2E697-B807-4096-AEF3-342E06EB4887}.Release|Any CPU.Build.0 = Release|Any CPU
		{FEED5A1A-1453-4C5F-8193-7F3DC7433AEB}.Debug|Any CPU.ActiveCfg = Debug|Any CPU
		{FEED5A1A-1453-4C5F-8193-7F3DC7433AEB}.Debug|Any CPU.Build.0 = Debug|Any CPU
		{FEED5A1A-1453-4C5F-8193-7F3DC7433AEB}.Release|Any CPU.ActiveCfg = Release|Any CPU
		{FEED5A1A-1453-4C5F-8193-7F3DC7433AEB}.Release|Any CPU.Build.0 = Release|Any CPU
		{F21F7621-AEC1-4D6D-BDC8-3EDB7823BFEE}.Debug|Any CPU.ActiveCfg = Debug|Any CPU
		{F21F7621-AEC1-4D6D-BDC8-3EDB7823BFEE}.Debug|Any CPU.Build.0 = Debug|Any CPU
		{F21F7621-AEC1-4D6D-BDC8-3EDB7823BFEE}.Release|Any CPU.ActiveCfg = Release|Any CPU
		{F21F7621-AEC1-4D6D-BDC8-3EDB7823BFEE}.Release|Any CPU.Build.0 = Release|Any CPU
		{E17F3959-7F3E-4176-B579-AC7440AAC24E}.Debug|Any CPU.ActiveCfg = Debug|Any CPU
		{E17F3959-7F3E-4176-B579-AC7440AAC24E}.Debug|Any CPU.Build.0 = Debug|Any CPU
		{E17F3959-7F3E-4176-B579-AC7440AAC24E}.Release|Any CPU.ActiveCfg = Release|Any CPU
		{E17F3959-7F3E-4176-B579-AC7440AAC24E}.Release|Any CPU.Build.0 = Release|Any CPU
	EndGlobalSection
	GlobalSection(SolutionProperties) = preSolution
		HideSolutionNode = FALSE
	EndGlobalSection
	GlobalSection(NestedProjects) = preSolution
		{5BD3D421-278F-4432-A256-6689EF1D61BE} = {EB3AA5E6-F80C-4110-9679-1A3B707C3632}
		{30BC94D9-CD84-4086-A685-FC2150321774} = {EB3AA5E6-F80C-4110-9679-1A3B707C3632}
		{B5265E3F-BFE9-45C2-AC24-86C86BBE19F6} = {EB3AA5E6-F80C-4110-9679-1A3B707C3632}
		{ED385EE2-F23D-4C20-9373-94DB5FDFFCA6} = {F81F1D1B-5363-4616-831C-746E1BF19A15}
		{1A727768-7C56-43D9-84A5-226F7AF3C742} = {F81F1D1B-5363-4616-831C-746E1BF19A15}
		{7BF08701-C0DF-4AD6-BE15-3E5E9B4678FD} = {F81F1D1B-5363-4616-831C-746E1BF19A15}
		{2A67A09A-C93C-48F4-83AA-E1FA5037DE09} = {1A727768-7C56-43D9-84A5-226F7AF3C742}
		{23F7BD9C-25FE-4D3D-9411-687DCAEFF7C7} = {F81F1D1B-5363-4616-831C-746E1BF19A15}
		{A8F2E697-B807-4096-AEF3-342E06EB4887} = {EB3AA5E6-F80C-4110-9679-1A3B707C3632}
		{E17F3959-7F3E-4176-B579-AC7440AAC24E} = {F81F1D1B-5363-4616-831C-746E1BF19A15}
	EndGlobalSection
	GlobalSection(ExtensibilityGlobals) = postSolution
		BuildVersion_StartDate = 2000/1/1
		SolutionGuid = {32B03236-DABD-45EA-84ED-C27B760D41A3}
	EndGlobalSection
EndGlobal
